# THIS IS AN AUTOGENERATED FILE. DO NOT EDIT THIS FILE DIRECTLY.
# yarn lockfile v1


"@fortawesome/fontawesome-free@^7.3.1":
  version "7.3.1"
  resolved "https://registry.npmjs.org/@fortawesome/fontawesome-free/-/fontawesome-free-7.3.1.tgz"
  integrity sha512-wmglKKPDIkgV3aWlZzWECCPoGIkYCulzBwxG9+w7rc5BGapZ6cPMpoPOT8k36J0Ni7PPX6c/rsoMWfS4d1MUMg==

htmx.org@^2.0.10:
  version "2.0.10"
  resolved "https://registry.npmjs.org/htmx.org/-/htmx.org-2.0.10.tgz"
  integrity sha512-kdeJe7ZVwaS6QMz/ebBIVtZdpwen6L0OQ5GOhPV9MKBb196TCZeZu4yA7ZIQsaLKv7EpXz+So7KSXNuHXhj7Cw==

uikit@^3.25.21:
  version "3.25.21"
  resolved "https://registry.npmjs.org/uikit/-/uikit-3.25.21.tgz"
  integrity sha512-tq33ic/VGgjbezs7Nd5vG4/bvBLqHzZlS9UHNr1pre1gUSl3usW9avah0lf+8ILzbAL7xc6IBsVTaTU6TMkfHw==
